{
  "name": "Movie_Review-oMDb--main",
  "lockfileVersion": 3,
  "requires": true,
  "packages": {
    "": {
      "dependencies": {
        "compass-mixins": "^0.12.12"
      }
    },
    "node_modules/compass-mixins": {
      "version": "0.12.12",
      "resolved": "https://registry.npmjs.org/compass-mixins/-/compass-mixins-0.12.12.tgz",
      "integrity": "sha512-wlTxz4lsIv/3o+rdyBOTZpQFFJeWPCRlYClaEXcaFe6QrAJ5qibTAgH53LyjfGQL6mmebTfjVHM0hLsxjGj+fw=="
    }
  }
}
